// !$*UTF8*$!
{
	archiveVersion = 1;
	classes = {
	};
	objectVersion = 55;
	objects = {

/* Begin PBXFileReference section */
		76674D9F27FF268C00FC393A /* LICENSE.md */ = {isa = PBXFileReference; lastKnownFileType = net.daringfireball.markdown; path = LICENSE.md; sourceTree = "<group>"; };
		76674DA027FF268C00FC393A /* libpostproc */ = {isa = PBXFileReference; lastKnownFileType = folder; path = libpostproc; sourceTree = "<group>"; };
		76674DA127FF268C00FC393A /* tools */ = {isa = PBXFileReference; lastKnownFileType = folder; path = tools; sourceTree = "<group>"; };
		76674DA227FF268C00FC393A /* compat */ = {isa = PBXFileReference; lastKnownFileType = folder; path = compat; sourceTree = "<group>"; };
		76674DA327FF268C00FC393A /* libavfilter */ = {isa = PBXFileReference; lastKnownFileType = folder; path = libavfilter; sourceTree = "<group>"; };
		76674DA427FF268C00FC393A /* libavutil */ = {isa = PBXFileReference; lastKnownFileType = folder; path = libavutil; sourceTree = "<group>"; };
		76674DA527FF268C00FC393A /* configure */ = {isa = PBXFileReference; lastKnownFileType = text.script.sh; path = configure; sourceTree = "<group>"; };
		76674DA627FF268C00FC393A /* Changelog */ = {isa = PBXFileReference; lastKnownFileType = text; path = Changelog; sourceTree = "<group>"; };
		76674DA727FF268C00FC393A /* libavdevice */ = {isa = PBXFileReference; lastKnownFileType = folder; path = libavdevice; sourceTree = "<group>"; };
		76674DA827FF268C00FC393A /* fftools */ = {isa = PBXFileReference; lastKnownFileType = folder; path = fftools; sourceTree = "<group>"; };
		76674DA927FF268C00FC393A /* Makefile */ = {isa = PBXFileReference; lastKnownFileType = sourcecode.make; path = Makefile; sourceTree = "<group>"; };
		76674DAA27FF268C00FC393A /* libavformat */ = {isa = PBXFileReference; lastKnownFileType = folder; path = libavformat; sourceTree = "<group>"; };
		76674DAB27FF268C00FC393A /* libswscale */ = {isa = PBXFileReference; lastKnownFileType = folder; path = libswscale; sourceTree = "<group>"; };
		76674DAC27FF268C00FC393A /* tests */ = {isa = PBXFileReference; lastKnownFileType = folder; path = tests; sourceTree = "<group>"; };
		76674DAD27FF268C00FC393A /* COPYING.LGPLv2.1 */ = {isa = PBXFileReference; lastKnownFileType = text.man; path = COPYING.LGPLv2.1; sourceTree = "<group>"; };
		76674DAE27FF268C00FC393A /* INSTALL.md */ = {isa = PBXFileReference; lastKnownFileType = net.daringfireball.markdown; path = INSTALL.md; sourceTree = "<group>"; };
		76674DAF27FF268C00FC393A /* RELEASE */ = {isa = PBXFileReference; lastKnownFileType = text; path = RELEASE; sourceTree = "<group>"; };
		76674DB027FF268C00FC393A /* MAINTAINERS */ = {isa = PBXFileReference; lastKnownFileType = text; path = MAINTAINERS; sourceTree = "<group>"; };
		76674DB127FF268C00FC393A /* README.md */ = {isa = PBXFileReference; lastKnownFileType = net.daringfireball.markdown; path = README.md; sourceTree = "<group>"; };
		76674DB227FF268C00FC393A /* libavcodec */ = {isa = PBXFileReference; lastKnownFileType = folder; path = libavcodec; sourceTree = "<group>"; };
		76674DB327FF268C00FC393A /* ffbuild */ = {isa = PBXFileReference; lastKnownFileType = folder; path = ffbuild; sourceTree = "<group>"; };
		76674DB427FF268C00FC393A /* .gitignore */ = {isa = PBXFileReference; lastKnownFileType = text; path = .gitignore; sourceTree = "<group>"; };
		76674DB527FF268C00FC393A /* CONTRIBUTING.md */ = {isa = PBXFileReference; lastKnownFileType = net.daringfireball.markdown; path = CONTRIBUTING.md; sourceTree = "<group>"; };
		76674DB627FF268C00FC393A /* COPYING.GPLv2 */ = {isa = PBXFileReference; lastKnownFileType = text; path = COPYING.GPLv2; sourceTree = "<group>"; };
		76674DB727FF268C00FC393A /* .gitattributes */ = {isa = PBXFileReference; lastKnownFileType = text; path = .gitattributes; sourceTree = "<group>"; };
		76674DB827FF268C00FC393A /* COPYING.GPLv3 */ = {isa = PBXFileReference; lastKnownFileType = text; path = COPYING.GPLv3; sourceTree = "<group>"; };
		76674DB927FF268C00FC393A /* doc */ = {isa = PBXFileReference; lastKnownFileType = folder; path = doc; sourceTree = "<group>"; };
		76674DBA27FF268C00FC393A /* COPYING.LGPLv3 */ = {isa = PBXFileReference; lastKnownFileType = text; path = COPYING.LGPLv3; sourceTree = "<group>"; };
		76674DBB27FF268C00FC393A /* .mailmap */ = {isa = PBXFileReference; lastKnownFileType = text; path = .mailmap; sourceTree = "<group>"; };
		76674DBC27FF268C00FC393A /* .git */ = {isa = PBXFileReference; lastKnownFileType = folder; path = .git; sourceTree = "<group>"; };
		76674DBD27FF268C00FC393A /* presets */ = {isa = PBXFileReference; lastKnownFileType = folder; path = presets; sourceTree = "<group>"; };
		76674DBE27FF268C00FC393A /* libswresample */ = {isa = PBXFileReference; lastKnownFileType = folder; path = libswresample; sourceTree = "<group>"; };
		76674DBF27FF268C00FC393A /* .travis.yml */ = {isa = PBXFileReference; lastKnownFileType = text.yaml; path = .travis.yml; sourceTree = "<group>"; };
		76674DC027FF268C00FC393A /* CREDITS */ = {isa = PBXFileReference; lastKnownFileType = text; path = CREDITS; sourceTree = "<group>"; };
/* End PBXFileReference section */

/* Begin PBXGroup section */
		76674D9927FF268C00FC393A = {
			isa = PBXGroup;
			children = (
				76674D9F27FF268C00FC393A /* LICENSE.md */,
				76674DA027FF268C00FC393A /* libpostproc */,
				76674DA127FF268C00FC393A /* tools */,
				76674DA227FF268C00FC393A /* compat */,
				76674DA327FF268C00FC393A /* libavfilter */,
				76674DA427FF268C00FC393A /* libavutil */,
				76674DA527FF268C00FC393A /* configure */,
				76674DA627FF268C00FC393A /* Changelog */,
				76674DA727FF268C00FC393A /* libavdevice */,
				76674DA827FF268C00FC393A /* fftools */,
				76674DA927FF268C00FC393A /* Makefile */,
				76674DAA27FF268C00FC393A /* libavformat */,
				76674DAB27FF268C00FC393A /* libswscale */,
				76674DAC27FF268C00FC393A /* tests */,
				76674DAD27FF268C00FC393A /* COPYING.LGPLv2.1 */,
				76674DAE27FF268C00FC393A /* INSTALL.md */,
				76674DAF27FF268C00FC393A /* RELEASE */,
				76674DB027FF268C00FC393A /* MAINTAINERS */,
				76674DB127FF268C00FC393A /* README.md */,
				76674DB227FF268C00FC393A /* libavcodec */,
				76674DB327FF268C00FC393A /* ffbuild */,
				76674DB427FF268C00FC393A /* .gitignore */,
				76674DB527FF268C00FC393A /* CONTRIBUTING.md */,
				76674DB627FF268C00FC393A /* COPYING.GPLv2 */,
				76674DB727FF268C00FC393A /* .gitattributes */,
				76674DB827FF268C00FC393A /* COPYING.GPLv3 */,
				76674DB927FF268C00FC393A /* doc */,
				76674DBA27FF268C00FC393A /* COPYING.LGPLv3 */,
				76674DBB27FF268C00FC393A /* .mailmap */,
				76674DBC27FF268C00FC393A /* .git */,
				76674DBD27FF268C00FC393A /* presets */,
				76674DBE27FF268C00FC393A /* libswresample */,
				76674DBF27FF268C00FC393A /* .travis.yml */,
				76674DC027FF268C00FC393A /* CREDITS */,
			);
			sourceTree = "<group>";
		};
/* End PBXGroup section */

/* Begin PBXLegacyTarget section */
		76674D9E27FF268C00FC393A /* FFmpeg */ = {
			isa = PBXLegacyTarget;
			buildArgumentsString = "$(ACTION)";
			buildConfigurationList = 76674DC127FF268C00FC393A /* Build configuration list for PBXLegacyTarget "FFmpeg" */;
			buildPhases = (
			);
			buildToolPath = /usr/bin/make;
			buildWorkingDirectory = /Users/hejunhe/development/GitHub/FFmpeg;
			dependencies = (
			);
			name = FFmpeg;
			passBuildSettingsInEnvironment = 1;
			productName = FFmpeg;
		};
/* End PBXLegacyTarget section */

/* Begin PBXProject section */
		76674D9A27FF268C00FC393A /* Project object */ = {
			isa = PBXProject;
			attributes = {
				BuildIndependentTargetsInParallel = 1;
			};
			buildConfigurationList = 76674D9D27FF268C00FC393A /* Build configuration list for PBXProject "FFmpeg" */;
			compatibilityVersion = "Xcode 13.0";
			developmentRegion = en;
			hasScannedForEncodings = 0;
			knownRegions = (
				en,
				Base,
			);
			mainGroup = 76674D9927FF268C00FC393A;
			projectDirPath = "";
			projectRoot = "";
			targets = (
				76674D9E27FF268C00FC393A /* FFmpeg */,
			);
		};
/* End PBXProject section */

/* Begin XCBuildConfiguration section */
		76674D9B27FF268C00FC393A /* Debug */ = {
			isa = XCBuildConfiguration;
			buildSettings = {
				ARCHS = "$(ARCHS_STANDARD_32_BIT)";
				COPY_PHASE_STRIP = NO;
				GCC_WARN_ABOUT_RETURN_TYPE = YES;
				GCC_WARN_UNUSED_VARIABLE = YES;
				ONLY_ACTIVE_ARCH = YES;
				SDKROOT = macosx10.6;
			};
			name = Debug;
		};
		76674D9C27FF268C00FC393A /* Release */ = {
			isa = XCBuildConfiguration;
			buildSettings = {
				ARCHS = "$(ARCHS_STANDARD_32_BIT)";
				COPY_PHASE_STRIP = YES;
				GCC_WARN_ABOUT_RETURN_TYPE = YES;
				GCC_WARN_UNUSED_VARIABLE = YES;
				SDKROOT = macosx10.6;
			};
			name = Release;
		};
		76674DC227FF268C00FC393A /* Debug */ = {
			isa = XCBuildConfiguration;
			buildSettings = {
				COPY_PHASE_STRIP = NO;
				DEBUGGING_SYMBOLS = YES;
				GCC_DYNAMIC_NO_PIC = NO;
				GCC_ENABLE_FIX_AND_CONTINUE = YES;
				GCC_GENERATE_DEBUGGING_SYMBOLS = YES;
				GCC_OPTIMIZATION_LEVEL = 0;
				OTHER_CFLAGS = "";
				OTHER_LDFLAGS = "";
				PRODUCT_NAME = FFmpeg;
			};
			name = Debug;
		};
		76674DC327FF268C00FC393A /* Release */ = {
			isa = XCBuildConfiguration;
			buildSettings = {
				COPY_PHASE_STRIP = YES;
				DEBUG_INFORMATION_FORMAT = "dwarf-with-dsym";
				GCC_ENABLE_FIX_AND_CONTINUE = NO;
				OTHER_CFLAGS = "";
				OTHER_LDFLAGS = "";
				PRODUCT_NAME = FFmpeg;
			};
			name = Release;
		};
/* End XCBuildConfiguration section */

/* Begin XCConfigurationList section */
		76674D9D27FF268C00FC393A /* Build configuration list for PBXProject "FFmpeg" */ = {
			isa = XCConfigurationList;
			buildConfigurations = (
				76674D9B27FF268C00FC393A /* Debug */,
				76674D9C27FF268C00FC393A /* Release */,
			);
			defaultConfigurationIsVisible = 0;
			defaultConfigurationName = Release;
		};
		76674DC127FF268C00FC393A /* Build configuration list for PBXLegacyTarget "FFmpeg" */ = {
			isa = XCConfigurationList;
			buildConfigurations = (
				76674DC227FF268C00FC393A /* Debug */,
				76674DC327FF268C00FC393A /* Release */,
			);
			defaultConfigurationIsVisible = 0;
			defaultConfigurationName = Release;
		};
/* End XCConfigurationList section */
	};
	rootObject = 76674D9A27FF268C00FC393A /* Project object */;
}
